
Microsoft Visual Studio Solution File, Format Version 12.00
# Visual Studio Version 16
VisualStudioVersion = 25.0.1706.5
MinimumVisualStudioVersion = 10.0.40219.1
Project("{FAE04EC0-301F-11D3-BF4B-00C04F79EFBC}") = "W3Schools-CSharp", "W3Schools-CSharp\W3Schools-CSharp.csproj", "{21D04619-E55E-4964-A457-D88CE7A36FCC}"
EndProject
Global
	GlobalSection(SolutionConfigurationPlatforms) = preSolution
		Debug|Any CPU = Debug|Any CPU
		Release|Any CPU = Release|Any CPU
	EndGlobalSection
	GlobalSection(ProjectConfigurationPlatforms) = postSolution
		{21D04619-E55E-4964-A457-D88CE7A36FCC}.Debug|Any CPU.ActiveCfg = Debug|Any CPU
		{21D04619-E55E-4964-A457-D88CE7A36FCC}.Debug|Any CPU.Build.0 = Debug|Any CPU
		{21D04619-E55E-4964-A457-D88CE7A36FCC}.Release|Any CPU.ActiveCfg = Release|Any CPU
		{21D04619-E55E-4964-A457-D88CE7A36FCC}.Release|Any CPU.Build.0 = Release|Any CPU
	EndGlobalSection
	GlobalSection(SolutionProperties) = preSolution
		HideSolutionNode = FALSE
	EndGlobalSection
	GlobalSection(ExtensibilityGlobals) = postSolution
		SolutionGuid = {C2ACC890-6F73-47DD-9E0C-11C2FCF7C366}
	EndGlobalSection
EndGlobal
